// !$*UTF8*$!
{
	archiveVersion = 1;
	classes = {
	};
	objectVersion = 46;
	objects = {

/* Begin PBXBuildFile section */
		04B88DE91EEABCFF000B6396 /* AppDelegate.swift in Sources */ = {isa = PBXBuildFile; fileRef = 04B88DE81EEABCFF000B6396 /* AppDelegate.swift */; };
		04B88DEB1EEABCFF000B6396 /* ViewController.swift in Sources */ = {isa = PBXBuildFile; fileRef = 04B88DEA1EEABCFF000B6396 /* ViewController.swift */; };
		04B88DEE1EEABCFF000B6396 /* Main.storyboard in Resources */ = {isa = PBXBuildFile; fileRef = 04B88DEC1EEABCFF000B6396 /* Main.storyboard */; };
		04B88DF01EEABCFF000B6396 /* Assets.xcassets in Resources */ = {isa = PBXBuildFile; fileRef = 04B88DEF1EEABCFF000B6396 /* Assets.xcassets */; };
		04B88DF31EEABCFF000B6396 /* LaunchScreen.storyboard in Resources */ = {isa = PBXBuildFile; fileRef = 04B88DF11EEABCFF000B6396 /* LaunchScreen.storyboard */; };
/* End PBXBuildFile section */

/* Begin PBXFileReference section */
		04B88DE51EEABCFF000B6396 /* RandomBook.app */ = {isa = PBXFileReference; explicitFileType = wrapper.application; includeInIndex = 0; path = RandomBook.app; sourceTree = BUILT_PRODUCTS_DIR; };
		04B88DE81EEABCFF000B6396 /* AppDelegate.swift */ = {isa = PBXFileReference; lastKnownFileType = sourcecode.swift; path = AppDelegate.swift; sourceTree = "<group>"; };
		04B88DEA1EEABCFF000B6396 /* ViewController.swift */ = {isa = PBXFileReference; lastKnownFileType = sourcecode.swift; path = ViewController.swift; sourceTree = "<group>"; };
		04B88DED1EEABCFF000B6396 /* Base */ = {isa = PBXFileReference; lastKnownFileType = file.storyboard; name = Base; path = Base.lproj/Main.storyboard; sourceTree = "<group>"; };
		04B88DEF1EEABCFF000B6396 /* Assets.xcassets */ = {isa = PBXFileReference; lastKnownFileType = folder.assetcatalog; path = Assets.xcassets; sourceTree = "<group>"; };
		04B88DF21EEABCFF000B6396 /* Base */ = {isa = PBXFileReference; lastKnownFileType = file.storyboard; name = Base; path = Base.lproj/LaunchScreen.storyboard; sourceTree = "<group>"; };
		04B88DF41EEABCFF000B6396 /* Info.plist */ = {isa = PBXFileReference; lastKnownFileType = text.plist.xml; path = Info.plist; sourceTree = "<group>"; };
/* End PBXFileReference section */

/* Begin PBXFrameworksBuildPhase section */
		04B88DE21EEABCFF000B6396 /* Frameworks */ = {
			isa = PBXFrameworksBuildPhase;
			buildActionMask = 2147483647;
			files = (
			);
			runOnlyForDeploymentPostprocessing = 0;
		};
/* End PBXFrameworksBuildPhase section */

/* Begin PBXGroup section */
		04B88DDC1EEABCFF000B6396 = {
			isa = PBXGroup;
			children = (
				04B88DE71EEABCFF000B6396 /* RandomBook */,
				04B88DE61EEABCFF000B6396 /* Products */,
			);
			sourceTree = "<group>";
		};
		04B88DE61EEABCFF000B6396 /* Products */ = {
			isa = PBXGroup;
			children = (
				04B88DE51EEABCFF000B6396 /* RandomBook.app */,
			);
			name = Products;
			sourceTree = "<group>";
		};
		04B88DE71EEABCFF000B6396 /* RandomBook */ = {
			isa = PBXGroup;
			children = (
				04B88DE81EEABCFF000B6396 /* AppDelegate.swift */,
				04B88DEA1EEABCFF000B6396 /* ViewController.swift */,
				04B88DEC1EEABCFF000B6396 /* Main.storyboard */,
				04B88DEF1EEABCFF000B6396 /* Assets.xcassets */,
				04B88DF11EEABCFF000B6396 /* LaunchScreen.storyboard */,
				04B88DF41EEABCFF000B6396 /* Info.plist */,
			);
			path = RandomBook;
			sourceTree = "<group>";
		};
/* End PBXGroup section */

/* Begin PBXNativeTarget section */
		04B88DE41EEABCFF000B6396 /* RandomBook */ = {
			isa = PBXNativeTarget;
			buildConfigurationList = 04B88DF71EEABCFF000B6396 /* Build configuration list for PBXNativeTarget "RandomBook" */;
			buildPhases = (
				04B88DE11EEABCFF000B6396 /* Sources */,
				04B88DE21EEABCFF000B6396 /* Frameworks */,
				04B88DE31EEABCFF000B6396 /* Resources */,
			);
			buildRules = (
			);
			dependencies = (
			);
			name = RandomBook;
			productName = RandomBook;
			productReference = 04B88DE51EEABCFF000B6396 /* RandomBook.app */;
			productType = "com.apple.product-type.application";
		};
/* End PBXNativeTarget section */

/* Begin PBXProject section */
		04B88DDD1EEABCFF000B6396 /* Project object */ = {
			isa = PBXProject;
			attributes = {
				LastSwiftUpdateCheck = 0730;
				LastUpgradeCheck = 0730;
				ORGANIZATIONNAME = askerlapAskerlap;
				TargetAttributes = {
					04B88DE41EEABCFF000B6396 = {
						CreatedOnToolsVersion = 7.3;
					};
				};
			};
			buildConfigurationList = 04B88DE01EEABCFF000B6396 /* Build configuration list for PBXProject "RandomBook" */;
			compatibilityVersion = "Xcode 3.2";
			developmentRegion = English;
			hasScannedForEncodings = 0;
			knownRegions = (
				en,
				Base,
			);
			mainGroup = 04B88DDC1EEABCFF000B6396;
			productRefGroup = 04B88DE61EEABCFF000B6396 /* Products */;
			projectDirPath = "";
			projectRoot = "";
			targets = (
				04B88DE41EEABCFF000B6396 /* RandomBook */,
			);
		};
/* End PBXProject section */

/* Begin PBXResourcesBuildPhase section */
		04B88DE31EEABCFF000B6396 /* Resources */ = {
			isa = PBXResourcesBuildPhase;
			buildActionMask = 2147483647;
			files = (
				04B88DF31EEABCFF000B6396 /* LaunchScreen.storyboard in Resources */,
				04B88DF01EEABCFF000B6396 /* Assets.xcassets in Resources */,
				04B88DEE1EEABCFF000B6396 /* Main.storyboard in Resources */,
			);
			runOnlyForDeploymentPostprocessing = 0;
		};
/* End PBXResourcesBuildPhase section */

/* Begin PBXSourcesBuildPhase section */
		04B88DE11EEABCFF000B6396 /* Sources */ = {
			isa = PBXSourcesBuildPhase;
			buildActionMask = 2147483647;
			files = (
				04B88DEB1EEABCFF000B6396 /* ViewController.swift in Sources */,
				04B88DE91EEABCFF000B6396 /* AppDelegate.swift in Sources */,
			);
			runOnlyForDeploymentPostprocessing = 0;
		};
/* End PBXSourcesBuildPhase section */

/* Begin PBXVariantGroup section */
		04B88DEC1EEABCFF000B6396 /* Main.storyboard */ = {
			isa = PBXVariantGroup;
			children = (
				04B88DED1EEABCFF000B6396 /* Base */,
			);
			name = Main.storyboard;
			sourceTree = "<group>";
		};
		04B88DF11EEABCFF000B6396 /* LaunchScreen.storyboard */ = {
			isa = PBXVariantGroup;
			children = (
				04B88DF21EEABCFF000B6396 /* Base */,
			);
			name = LaunchScreen.storyboard;
			sourceTree = "<group>";
		};
/* End PBXVariantGroup section */

/* Begin XCBuildConfiguration section */
		04B88DF51EEABCFF000B6396 /* Debug */ = {
			isa = XCBuildConfiguration;
			buildSettings = {
				ALWAYS_SEARCH_USER_PATHS = NO;
				CLANG_ANALYZER_NONNULL = YES;
				CLANG_CXX_LANGUAGE_STANDARD = "gnu++0x";
				CLANG_CXX_LIBRARY = "libc++";
				CLANG_ENABLE_MODULES = YES;
				CLANG_ENABLE_OBJC_ARC = YES;
				CLANG_WARN_BOOL_CONVERSION = YES;
				CLANG_WARN_CONSTANT_CONVERSION = YES;
				CLANG_WARN_DIRECT_OBJC_ISA_USAGE = YES_ERROR;
				CLANG_WARN_EMPTY_BODY = YES;
				CLANG_WARN_ENUM_CONVERSION = YES;
				CLANG_WARN_INT_CONVERSION = YES;
				CLANG_WARN_OBJC_ROOT_CLASS = YES_ERROR;
				CLANG_WARN_UNREACHABLE_CODE = YES;
				CLANG_WARN__DUPLICATE_METHOD_MATCH = YES;
				"CODE_SIGN_IDENTITY[sdk=iphoneos*]" = "iPhone Developer";
				COPY_PHASE_STRIP = NO;
				DEBUG_INFORMATION_FORMAT = dwarf;
				ENABLE_STRICT_OBJC_MSGSEND = YES;
				ENABLE_TESTABILITY = YES;
				GCC_C_LANGUAGE_STANDARD = gnu99;
				GCC_DYNAMIC_NO_PIC = NO;
				GCC_NO_COMMON_BLOCKS = YES;
				GCC_OPTIMIZATION_LEVEL = 0;
				GCC_PREPROCESSOR_DEFINITIONS = (
					"DEBUG=1",
					"$(inherited)",
				);
				GCC_WARN_64_TO_32_BIT_CONVERSION = YES;
				GCC_WARN_ABOUT_RETURN_TYPE = YES_ERROR;
				GCC_WARN_UNDECLARED_SELECTOR = YES;
				GCC_WARN_UNINITIALIZED_AUTOS = YES_AGGRESSIVE;
				GCC_WARN_UNUSED_FUNCTION = YES;
				GCC_WARN_UNUSED_VARIABLE = YES;
				IPHONEOS_DEPLOYMENT_TARGET = 9.3;
				MTL_ENABLE_DEBUG_INFO = YES;
				ONLY_ACTIVE_ARCH = YES;
				SDKROOT = iphoneos;
				SWIFT_OPTIMIZATION_LEVEL = "-Onone";
			};
			name = Debug;
		};
		04B88DF61EEABCFF000B6396 /* Release */ = {
			isa = XCBuildConfiguration;
			buildSettings = {
				ALWAYS_SEARCH_USER_PATHS = NO;
				CLANG_ANALYZER_NONNULL = YES;
				CLANG_CXX_LANGUAGE_STANDARD = "gnu++0x";
				CLANG_CXX_LIBRARY = "libc++";
				CLANG_ENABLE_MODULES = YES;
				CLANG_ENABLE_OBJC_ARC = YES;
				CLANG_WARN_BOOL_CONVERSION = YES;
				CLANG_WARN_CONSTANT_CONVERSION = YES;
				CLANG_WARN_DIRECT_OBJC_ISA_USAGE = YES_ERROR;
				CLANG_WARN_EMPTY_BODY = YES;
				CLANG_WARN_ENUM_CONVERSION = YES;
				CLANG_WARN_INT_CONVERSION = YES;
				CLANG_WARN_OBJC_ROOT_CLASS = YES_ERROR;
				CLANG_WARN_UNREACHABLE_CODE = YES;
				CLANG_WARN__DUPLICATE_METHOD_MATCH = YES;
				"CODE_SIGN_IDENTITY[sdk=iphoneos*]" = "iPhone Developer";
				COPY_PHASE_STRIP = NO;
				DEBUG_INFORMATION_FORMAT = "dwarf-with-dsym";
				ENABLE_NS_ASSERTIONS = NO;
				ENABLE_STRICT_OBJC_MSGSEND = YES;
				GCC_C_LANGUAGE_STANDARD = gnu99;
				GCC_NO_COMMON_BLOCKS = YES;
				GCC_WARN_64_TO_32_BIT_CONVERSION = YES;
				GCC_WARN_ABOUT_RETURN_TYPE = YES_ERROR;
				GCC_WARN_UNDECLARED_SELECTOR = YES;
				GCC_WARN_UNINITIALIZED_AUTOS = YES_AGGRESSIVE;
				GCC_WARN_UNUSED_FUNCTION = YES;
				GCC_WARN_UNUSED_VARIABLE = YES;
				IPHONEOS_DEPLOYMENT_TARGET = 9.3;
				MTL_ENABLE_DEBUG_INFO = NO;
				SDKROOT = iphoneos;
				VALIDATE_PRODUCT = YES;
			};
			name = Release;
		};
		04B88DF81EEABCFF000B6396 /* Debug */ = {
			isa = XCBuildConfiguration;
			buildSettings = {
				ASSETCATALOG_COMPILER_APPICON_NAME = AppIcon;
				INFOPLIST_FILE = RandomBook/Info.plist;
				LD_RUNPATH_SEARCH_PATHS = "$(inherited) @executable_path/Frameworks";
				PRODUCT_BUNDLE_IDENTIFIER = askerlapcom.askerlap.emad.RandomBook;
				PRODUCT_NAME = "$(TARGET_NAME)";
			};
			name = Debug;
		};
		04B88DF91EEABCFF000B6396 /* Release */ = {
			isa = XCBuildConfiguration;
			buildSettings = {
				ASSETCATALOG_COMPILER_APPICON_NAME = AppIcon;
				INFOPLIST_FILE = RandomBook/Info.plist;
				LD_RUNPATH_SEARCH_PATHS = "$(inherited) @executable_path/Frameworks";
				PRODUCT_BUNDLE_IDENTIFIER = askerlapcom.askerlap.emad.RandomBook;
				PRODUCT_NAME = "$(TARGET_NAME)";
			};
			name = Release;
		};
/* End XCBuildConfiguration section */

/* Begin XCConfigurationList section */
		04B88DE01EEABCFF000B6396 /* Build configuration list for PBXProject "RandomBook" */ = {
			isa = XCConfigurationList;
			buildConfigurations = (
				04B88DF51EEABCFF000B6396 /* Debug */,
				04B88DF61EEABCFF000B6396 /* Release */,
			);
			defaultConfigurationIsVisible = 0;
			defaultConfigurationName = Release;
		};
		04B88DF71EEABCFF000B6396 /* Build configuration list for PBXNativeTarget "RandomBook" */ = {
			isa = XCConfigurationList;
			buildConfigurations = (
				04B88DF81EEABCFF000B6396 /* Debug */,
				04B88DF91EEABCFF000B6396 /* Release */,
			);
			defaultConfigurationIsVisible = 0;
		};
/* End XCConfigurationList section */
	};
	rootObject = 04B88DDD1EEABCFF000B6396 /* Project object */;
}
