// !$*UTF8*$!
{
	archiveVersion = 1;
	classes = {
	};
	objectVersion = 46;
	objects = {

/* Begin PBXBuildFile section */
		046CF3C81F05FA6800200756 /* PlaySoundsViewController+Audio.swift in Sources */ = {isa = PBXBuildFile; fileRef = 046CF3C71F05FA6800200756 /* PlaySoundsViewController+Audio.swift */; };
		048145BD1F02F0E900F869D4 /* AppDelegate.swift in Sources */ = {isa = PBXBuildFile; fileRef = 048145BC1F02F0E900F869D4 /* AppDelegate.swift */; };
		048145BF1F02F0E900F869D4 /* RecordSoundsViewController.swift in Sources */ = {isa = PBXBuildFile; fileRef = 048145BE1F02F0E900F869D4 /* RecordSoundsViewController.swift */; };
		048145C21F02F0E900F869D4 /* Main.storyboard in Resources */ = {isa = PBXBuildFile; fileRef = 048145C01F02F0E900F869D4 /* Main.storyboard */; };
		048145C41F02F0E900F869D4 /* Assets.xcassets in Resources */ = {isa = PBXBuildFile; fileRef = 048145C31F02F0E900F869D4 /* Assets.xcassets */; };
		048145C71F02F0E900F869D4 /* LaunchScreen.storyboard in Resources */ = {isa = PBXBuildFile; fileRef = 048145C51F02F0E900F869D4 /* LaunchScreen.storyboard */; };
		04DD09451F05463D001EC365 /* PlaySoundsViewController.swift in Sources */ = {isa = PBXBuildFile; fileRef = 04DD09441F05463D001EC365 /* PlaySoundsViewController.swift */; };
/* End PBXBuildFile section */

/* Begin PBXFileReference section */
		046CF3C71F05FA6800200756 /* PlaySoundsViewController+Audio.swift */ = {isa = PBXFileReference; fileEncoding = 4; lastKnownFileType = sourcecode.swift; path = "PlaySoundsViewController+Audio.swift"; sourceTree = "<group>"; };
		048145B91F02F0E900F869D4 /* Pitch Perfect.app */ = {isa = PBXFileReference; explicitFileType = wrapper.application; includeInIndex = 0; path = "Pitch Perfect.app"; sourceTree = BUILT_PRODUCTS_DIR; };
		048145BC1F02F0E900F869D4 /* AppDelegate.swift */ = {isa = PBXFileReference; lastKnownFileType = sourcecode.swift; path = AppDelegate.swift; sourceTree = "<group>"; };
		048145BE1F02F0E900F869D4 /* RecordSoundsViewController.swift */ = {isa = PBXFileReference; lastKnownFileType = sourcecode.swift; path = RecordSoundsViewController.swift; sourceTree = "<group>"; };
		048145C11F02F0E900F869D4 /* Base */ = {isa = PBXFileReference; lastKnownFileType = file.storyboard; name = Base; path = Base.lproj/Main.storyboard; sourceTree = "<group>"; };
		048145C31F02F0E900F869D4 /* Assets.xcassets */ = {isa = PBXFileReference; lastKnownFileType = folder.assetcatalog; path = Assets.xcassets; sourceTree = "<group>"; };
		048145C61F02F0E900F869D4 /* Base */ = {isa = PBXFileReference; lastKnownFileType = file.storyboard; name = Base; path = Base.lproj/LaunchScreen.storyboard; sourceTree = "<group>"; };
		048145C81F02F0E900F869D4 /* Info.plist */ = {isa = PBXFileReference; lastKnownFileType = text.plist.xml; path = Info.plist; sourceTree = "<group>"; };
		04DD09441F05463D001EC365 /* PlaySoundsViewController.swift */ = {isa = PBXFileReference; fileEncoding = 4; lastKnownFileType = sourcecode.swift; path = PlaySoundsViewController.swift; sourceTree = "<group>"; };
/* End PBXFileReference section */

/* Begin PBXFrameworksBuildPhase section */
		048145B61F02F0E900F869D4 /* Frameworks */ = {
			isa = PBXFrameworksBuildPhase;
			buildActionMask = 2147483647;
			files = (
			);
			runOnlyForDeploymentPostprocessing = 0;
		};
/* End PBXFrameworksBuildPhase section */

/* Begin PBXGroup section */
		048145B01F02F0E900F869D4 = {
			isa = PBXGroup;
			children = (
				048145BB1F02F0E900F869D4 /* Pitch Perfect */,
				048145BA1F02F0E900F869D4 /* Products */,
			);
			sourceTree = "<group>";
		};
		048145BA1F02F0E900F869D4 /* Products */ = {
			isa = PBXGroup;
			children = (
				048145B91F02F0E900F869D4 /* Pitch Perfect.app */,
			);
			name = Products;
			sourceTree = "<group>";
		};
		048145BB1F02F0E900F869D4 /* Pitch Perfect */ = {
			isa = PBXGroup;
			children = (
				048145BC1F02F0E900F869D4 /* AppDelegate.swift */,
				048145BE1F02F0E900F869D4 /* RecordSoundsViewController.swift */,
				048145C01F02F0E900F869D4 /* Main.storyboard */,
				048145C31F02F0E900F869D4 /* Assets.xcassets */,
				048145C51F02F0E900F869D4 /* LaunchScreen.storyboard */,
				048145C81F02F0E900F869D4 /* Info.plist */,
				04DD09441F05463D001EC365 /* PlaySoundsViewController.swift */,
				046CF3C71F05FA6800200756 /* PlaySoundsViewController+Audio.swift */,
			);
			path = "Pitch Perfect";
			sourceTree = "<group>";
		};
/* End PBXGroup section */

/* Begin PBXNativeTarget section */
		048145B81F02F0E900F869D4 /* Pitch Perfect */ = {
			isa = PBXNativeTarget;
			buildConfigurationList = 048145CB1F02F0E900F869D4 /* Build configuration list for PBXNativeTarget "Pitch Perfect" */;
			buildPhases = (
				048145B51F02F0E900F869D4 /* Sources */,
				048145B61F02F0E900F869D4 /* Frameworks */,
				048145B71F02F0E900F869D4 /* Resources */,
			);
			buildRules = (
			);
			dependencies = (
			);
			name = "Pitch Perfect";
			productName = "Pitch Perfect";
			productReference = 048145B91F02F0E900F869D4 /* Pitch Perfect.app */;
			productType = "com.apple.product-type.application";
		};
/* End PBXNativeTarget section */

/* Begin PBXProject section */
		048145B11F02F0E900F869D4 /* Project object */ = {
			isa = PBXProject;
			attributes = {
				LastSwiftUpdateCheck = 0820;
				LastUpgradeCheck = 0820;
				ORGANIZATIONNAME = askerlapAskerlap;
				TargetAttributes = {
					048145B81F02F0E900F869D4 = {
						CreatedOnToolsVersion = 8.2.1;
						DevelopmentTeam = 3E7858R98T;
						ProvisioningStyle = Automatic;
					};
				};
			};
			buildConfigurationList = 048145B41F02F0E900F869D4 /* Build configuration list for PBXProject "Pitch Perfect" */;
			compatibilityVersion = "Xcode 3.2";
			developmentRegion = English;
			hasScannedForEncodings = 0;
			knownRegions = (
				en,
				Base,
			);
			mainGroup = 048145B01F02F0E900F869D4;
			productRefGroup = 048145BA1F02F0E900F869D4 /* Products */;
			projectDirPath = "";
			projectRoot = "";
			targets = (
				048145B81F02F0E900F869D4 /* Pitch Perfect */,
			);
		};
/* End PBXProject section */

/* Begin PBXResourcesBuildPhase section */
		048145B71F02F0E900F869D4 /* Resources */ = {
			isa = PBXResourcesBuildPhase;
			buildActionMask = 2147483647;
			files = (
				048145C71F02F0E900F869D4 /* LaunchScreen.storyboard in Resources */,
				048145C41F02F0E900F869D4 /* Assets.xcassets in Resources */,
				048145C21F02F0E900F869D4 /* Main.storyboard in Resources */,
			);
			runOnlyForDeploymentPostprocessing = 0;
		};
/* End PBXResourcesBuildPhase section */

/* Begin PBXSourcesBuildPhase section */
		048145B51F02F0E900F869D4 /* Sources */ = {
			isa = PBXSourcesBuildPhase;
			buildActionMask = 2147483647;
			files = (
				048145BF1F02F0E900F869D4 /* RecordSoundsViewController.swift in Sources */,
				046CF3C81F05FA6800200756 /* PlaySoundsViewController+Audio.swift in Sources */,
				04DD09451F05463D001EC365 /* PlaySoundsViewController.swift in Sources */,
				048145BD1F02F0E900F869D4 /* AppDelegate.swift in Sources */,
			);
			runOnlyForDeploymentPostprocessing = 0;
		};
/* End PBXSourcesBuildPhase section */

/* Begin PBXVariantGroup section */
		048145C01F02F0E900F869D4 /* Main.storyboard */ = {
			isa = PBXVariantGroup;
			children = (
				048145C11F02F0E900F869D4 /* Base */,
			);
			name = Main.storyboard;
			sourceTree = "<group>";
		};
		048145C51F02F0E900F869D4 /* LaunchScreen.storyboard */ = {
			isa = PBXVariantGroup;
			children = (
				048145C61F02F0E900F869D4 /* Base */,
			);
			name = LaunchScreen.storyboard;
			sourceTree = "<group>";
		};
/* End PBXVariantGroup section */

/* Begin XCBuildConfiguration section */
		048145C91F02F0E900F869D4 /* Debug */ = {
			isa = XCBuildConfiguration;
			buildSettings = {
				ALWAYS_SEARCH_USER_PATHS = NO;
				CLANG_ANALYZER_NONNULL = YES;
				CLANG_CXX_LANGUAGE_STANDARD = "gnu++0x";
				CLANG_CXX_LIBRARY = "libc++";
				CLANG_ENABLE_MODULES = YES;
				CLANG_ENABLE_OBJC_ARC = YES;
				CLANG_WARN_BOOL_CONVERSION = YES;
				CLANG_WARN_CONSTANT_CONVERSION = YES;
				CLANG_WARN_DIRECT_OBJC_ISA_USAGE = YES_ERROR;
				CLANG_WARN_DOCUMENTATION_COMMENTS = YES;
				CLANG_WARN_EMPTY_BODY = YES;
				CLANG_WARN_ENUM_CONVERSION = YES;
				CLANG_WARN_INFINITE_RECURSION = YES;
				CLANG_WARN_INT_CONVERSION = YES;
				CLANG_WARN_OBJC_ROOT_CLASS = YES_ERROR;
				CLANG_WARN_SUSPICIOUS_MOVE = YES;
				CLANG_WARN_UNREACHABLE_CODE = YES;
				CLANG_WARN__DUPLICATE_METHOD_MATCH = YES;
				"CODE_SIGN_IDENTITY[sdk=iphoneos*]" = "iPhone Developer";
				COPY_PHASE_STRIP = NO;
				DEBUG_INFORMATION_FORMAT = dwarf;
				ENABLE_STRICT_OBJC_MSGSEND = YES;
				ENABLE_TESTABILITY = YES;
				GCC_C_LANGUAGE_STANDARD = gnu99;
				GCC_DYNAMIC_NO_PIC = NO;
				GCC_NO_COMMON_BLOCKS = YES;
				GCC_OPTIMIZATION_LEVEL = 0;
				GCC_PREPROCESSOR_DEFINITIONS = (
					"DEBUG=1",
					"$(inherited)",
				);
				GCC_WARN_64_TO_32_BIT_CONVERSION = YES;
				GCC_WARN_ABOUT_RETURN_TYPE = YES_ERROR;
				GCC_WARN_UNDECLARED_SELECTOR = YES;
				GCC_WARN_UNINITIALIZED_AUTOS = YES_AGGRESSIVE;
				GCC_WARN_UNUSED_FUNCTION = YES;
				GCC_WARN_UNUSED_VARIABLE = YES;
				IPHONEOS_DEPLOYMENT_TARGET = 10.2;
				MTL_ENABLE_DEBUG_INFO = YES;
				ONLY_ACTIVE_ARCH = YES;
				SDKROOT = iphoneos;
				SWIFT_ACTIVE_COMPILATION_CONDITIONS = DEBUG;
				SWIFT_OPTIMIZATION_LEVEL = "-Onone";
				TARGETED_DEVICE_FAMILY = "1,2";
			};
			name = Debug;
		};
		048145CA1F02F0E900F869D4 /* Release */ = {
			isa = XCBuildConfiguration;
			buildSettings = {
				ALWAYS_SEARCH_USER_PATHS = NO;
				CLANG_ANALYZER_NONNULL = YES;
				CLANG_CXX_LANGUAGE_STANDARD = "gnu++0x";
				CLANG_CXX_LIBRARY = "libc++";
				CLANG_ENABLE_MODULES = YES;
				CLANG_ENABLE_OBJC_ARC = YES;
				CLANG_WARN_BOOL_CONVERSION = YES;
				CLANG_WARN_CONSTANT_CONVERSION = YES;
				CLANG_WARN_DIRECT_OBJC_ISA_USAGE = YES_ERROR;
				CLANG_WARN_DOCUMENTATION_COMMENTS = YES;
				CLANG_WARN_EMPTY_BODY = YES;
				CLANG_WARN_ENUM_CONVERSION = YES;
				CLANG_WARN_INFINITE_RECURSION = YES;
				CLANG_WARN_INT_CONVERSION = YES;
				CLANG_WARN_OBJC_ROOT_CLASS = YES_ERROR;
				CLANG_WARN_SUSPICIOUS_MOVE = YES;
				CLANG_WARN_UNREACHABLE_CODE = YES;
				CLANG_WARN__DUPLICATE_METHOD_MATCH = YES;
				"CODE_SIGN_IDENTITY[sdk=iphoneos*]" = "iPhone Developer";
				COPY_PHASE_STRIP = NO;
				DEBUG_INFORMATION_FORMAT = "dwarf-with-dsym";
				ENABLE_NS_ASSERTIONS = NO;
				ENABLE_STRICT_OBJC_MSGSEND = YES;
				GCC_C_LANGUAGE_STANDARD = gnu99;
				GCC_NO_COMMON_BLOCKS = YES;
				GCC_WARN_64_TO_32_BIT_CONVERSION = YES;
				GCC_WARN_ABOUT_RETURN_TYPE = YES_ERROR;
				GCC_WARN_UNDECLARED_SELECTOR = YES;
				GCC_WARN_UNINITIALIZED_AUTOS = YES_AGGRESSIVE;
				GCC_WARN_UNUSED_FUNCTION = YES;
				GCC_WARN_UNUSED_VARIABLE = YES;
				IPHONEOS_DEPLOYMENT_TARGET = 10.2;
				MTL_ENABLE_DEBUG_INFO = NO;
				SDKROOT = iphoneos;
				SWIFT_OPTIMIZATION_LEVEL = "-Owholemodule";
				TARGETED_DEVICE_FAMILY = "1,2";
				VALIDATE_PRODUCT = YES;
			};
			name = Release;
		};
		048145CC1F02F0E900F869D4 /* Debug */ = {
			isa = XCBuildConfiguration;
			buildSettings = {
				ASSETCATALOG_COMPILER_APPICON_NAME = AppIcon;
				DEVELOPMENT_TEAM = 3E7858R98T;
				INFOPLIST_FILE = "Pitch Perfect/Info.plist";
				LD_RUNPATH_SEARCH_PATHS = "$(inherited) @executable_path/Frameworks";
				PRODUCT_BUNDLE_IDENTIFIER = "askerlapcom.askerlap.emad.Pitch-Perfect";
				PRODUCT_NAME = "$(TARGET_NAME)";
				SWIFT_VERSION = 3.0;
			};
			name = Debug;
		};
		048145CD1F02F0E900F869D4 /* Release */ = {
			isa = XCBuildConfiguration;
			buildSettings = {
				ASSETCATALOG_COMPILER_APPICON_NAME = AppIcon;
				DEVELOPMENT_TEAM = 3E7858R98T;
				INFOPLIST_FILE = "Pitch Perfect/Info.plist";
				LD_RUNPATH_SEARCH_PATHS = "$(inherited) @executable_path/Frameworks";
				PRODUCT_BUNDLE_IDENTIFIER = "askerlapcom.askerlap.emad.Pitch-Perfect";
				PRODUCT_NAME = "$(TARGET_NAME)";
				SWIFT_VERSION = 3.0;
			};
			name = Release;
		};
/* End XCBuildConfiguration section */

/* Begin XCConfigurationList section */
		048145B41F02F0E900F869D4 /* Build configuration list for PBXProject "Pitch Perfect" */ = {
			isa = XCConfigurationList;
			buildConfigurations = (
				048145C91F02F0E900F869D4 /* Debug */,
				048145CA1F02F0E900F869D4 /* Release */,
			);
			defaultConfigurationIsVisible = 0;
			defaultConfigurationName = Release;
		};
		048145CB1F02F0E900F869D4 /* Build configuration list for PBXNativeTarget "Pitch Perfect" */ = {
			isa = XCConfigurationList;
			buildConfigurations = (
				048145CC1F02F0E900F869D4 /* Debug */,
				048145CD1F02F0E900F869D4 /* Release */,
			);
			defaultConfigurationIsVisible = 0;
			defaultConfigurationName = Release;
		};
/* End XCConfigurationList section */
	};
	rootObject = 048145B11F02F0E900F869D4 /* Project object */;
}
